// !$*UTF8*$!
{
	archiveVersion = 1;
	classes = {
	};
	objectVersion = 50;
	objects = {

/* Begin PBXBuildFile section */
		03916B2422EE117D0029438F /* AppDelegate.swift in Sources */ = {isa = PBXBuildFile; fileRef = 03916B2322EE117D0029438F /* AppDelegate.swift */; };
		03916B2622EE117D0029438F /* SceneDelegate.swift in Sources */ = {isa = PBXBuildFile; fileRef = 03916B2522EE117D0029438F /* SceneDelegate.swift */; };
		03916B2822EE117D0029438F /* ViewController.swift in Sources */ = {isa = PBXBuildFile; fileRef = 03916B2722EE117D0029438F /* ViewController.swift */; };
		03916B2B22EE117D0029438F /* Main.storyboard in Resources */ = {isa = PBXBuildFile; fileRef = 03916B2922EE117D0029438F /* Main.storyboard */; };
		03916B2D22EE117F0029438F /* Assets.xcassets in Resources */ = {isa = PBXBuildFile; fileRef = 03916B2C22EE117F0029438F /* Assets.xcassets */; };
		03916B3022EE117F0029438F /* LaunchScreen.storyboard in Resources */ = {isa = PBXBuildFile; fileRef = 03916B2E22EE117F0029438F /* LaunchScreen.storyboard */; };
/* End PBXBuildFile section */

/* Begin PBXFileReference section */
		03916B2022EE117D0029438F /* Cross hierarchy Consttraints.app */ = {isa = PBXFileReference; explicitFileType = wrapper.application; includeInIndex = 0; path = "Cross hierarchy Consttraints.app"; sourceTree = BUILT_PRODUCTS_DIR; };
		03916B2322EE117D0029438F /* AppDelegate.swift */ = {isa = PBXFileReference; lastKnownFileType = sourcecode.swift; path = AppDelegate.swift; sourceTree = "<group>"; };
		03916B2522EE117D0029438F /* SceneDelegate.swift */ = {isa = PBXFileReference; lastKnownFileType = sourcecode.swift; path = SceneDelegate.swift; sourceTree = "<group>"; };
		03916B2722EE117D0029438F /* ViewController.swift */ = {isa = PBXFileReference; lastKnownFileType = sourcecode.swift; path = ViewController.swift; sourceTree = "<group>"; };
		03916B2A22EE117D0029438F /* Base */ = {isa = PBXFileReference; lastKnownFileType = file.storyboard; name = Base; path = Base.lproj/Main.storyboard; sourceTree = "<group>"; };
		03916B2C22EE117F0029438F /* Assets.xcassets */ = {isa = PBXFileReference; lastKnownFileType = folder.assetcatalog; path = Assets.xcassets; sourceTree = "<group>"; };
		03916B2F22EE117F0029438F /* Base */ = {isa = PBXFileReference; lastKnownFileType = file.storyboard; name = Base; path = Base.lproj/LaunchScreen.storyboard; sourceTree = "<group>"; };
		03916B3122EE117F0029438F /* Info.plist */ = {isa = PBXFileReference; lastKnownFileType = text.plist.xml; path = Info.plist; sourceTree = "<group>"; };
/* End PBXFileReference section */

/* Begin PBXFrameworksBuildPhase section */
		03916B1D22EE117D0029438F /* Frameworks */ = {
			isa = PBXFrameworksBuildPhase;
			buildActionMask = 2147483647;
			files = (
			);
			runOnlyForDeploymentPostprocessing = 0;
		};
/* End PBXFrameworksBuildPhase section */

/* Begin PBXGroup section */
		03916B1722EE117D0029438F = {
			isa = PBXGroup;
			children = (
				03916B2222EE117D0029438F /* Cross hierarchy Consttraints */,
				03916B2122EE117D0029438F /* Products */,
			);
			sourceTree = "<group>";
		};
		03916B2122EE117D0029438F /* Products */ = {
			isa = PBXGroup;
			children = (
				03916B2022EE117D0029438F /* Cross hierarchy Consttraints.app */,
			);
			name = Products;
			sourceTree = "<group>";
		};
		03916B2222EE117D0029438F /* Cross hierarchy Consttraints */ = {
			isa = PBXGroup;
			children = (
				03916B2322EE117D0029438F /* AppDelegate.swift */,
				03916B2522EE117D0029438F /* SceneDelegate.swift */,
				03916B2722EE117D0029438F /* ViewController.swift */,
				03916B2922EE117D0029438F /* Main.storyboard */,
				03916B2C22EE117F0029438F /* Assets.xcassets */,
				03916B2E22EE117F0029438F /* LaunchScreen.storyboard */,
				03916B3122EE117F0029438F /* Info.plist */,
			);
			path = "Cross hierarchy Consttraints";
			sourceTree = "<group>";
		};
/* End PBXGroup section */

/* Begin PBXNativeTarget section */
		03916B1F22EE117D0029438F /* Cross hierarchy Consttraints */ = {
			isa = PBXNativeTarget;
			buildConfigurationList = 03916B3422EE117F0029438F /* Build configuration list for PBXNativeTarget "Cross hierarchy Consttraints" */;
			buildPhases = (
				03916B1C22EE117D0029438F /* Sources */,
				03916B1D22EE117D0029438F /* Frameworks */,
				03916B1E22EE117D0029438F /* Resources */,
			);
			buildRules = (
			);
			dependencies = (
			);
			name = "Cross hierarchy Consttraints";
			productName = "Cross hierarchy Consttraints";
			productReference = 03916B2022EE117D0029438F /* Cross hierarchy Consttraints.app */;
			productType = "com.apple.product-type.application";
		};
/* End PBXNativeTarget section */

/* Begin PBXProject section */
		03916B1822EE117D0029438F /* Project object */ = {
			isa = PBXProject;
			attributes = {
				LastSwiftUpdateCheck = 1100;
				LastUpgradeCheck = 1100;
				ORGANIZATIONNAME = "Moazzam Tahir";
				TargetAttributes = {
					03916B1F22EE117D0029438F = {
						CreatedOnToolsVersion = 11.0;
					};
				};
			};
			buildConfigurationList = 03916B1B22EE117D0029438F /* Build configuration list for PBXProject "Cross hierarchy Consttraints" */;
			compatibilityVersion = "Xcode 9.3";
			developmentRegion = en;
			hasScannedForEncodings = 0;
			knownRegions = (
				en,
				Base,
			);
			mainGroup = 03916B1722EE117D0029438F;
			productRefGroup = 03916B2122EE117D0029438F /* Products */;
			projectDirPath = "";
			projectRoot = "";
			targets = (
				03916B1F22EE117D0029438F /* Cross hierarchy Consttraints */,
			);
		};
/* End PBXProject section */

/* Begin PBXResourcesBuildPhase section */
		03916B1E22EE117D0029438F /* Resources */ = {
			isa = PBXResourcesBuildPhase;
			buildActionMask = 2147483647;
			files = (
				03916B3022EE117F0029438F /* LaunchScreen.storyboard in Resources */,
				03916B2D22EE117F0029438F /* Assets.xcassets in Resources */,
				03916B2B22EE117D0029438F /* Main.storyboard in Resources */,
			);
			runOnlyForDeploymentPostprocessing = 0;
		};
/* End PBXResourcesBuildPhase section */

/* Begin PBXSourcesBuildPhase section */
		03916B1C22EE117D0029438F /* Sources */ = {
			isa = PBXSourcesBuildPhase;
			buildActionMask = 2147483647;
			files = (
				03916B2822EE117D0029438F /* ViewController.swift in Sources */,
				03916B2422EE117D0029438F /* AppDelegate.swift in Sources */,
				03916B2622EE117D0029438F /* SceneDelegate.swift in Sources */,
			);
			runOnlyForDeploymentPostprocessing = 0;
		};
/* End PBXSourcesBuildPhase section */

/* Begin PBXVariantGroup section */
		03916B2922EE117D0029438F /* Main.storyboard */ = {
			isa = PBXVariantGroup;
			children = (
				03916B2A22EE117D0029438F /* Base */,
			);
			name = Main.storyboard;
			sourceTree = "<group>";
		};
		03916B2E22EE117F0029438F /* LaunchScreen.storyboard */ = {
			isa = PBXVariantGroup;
			children = (
				03916B2F22EE117F0029438F /* Base */,
			);
			name = LaunchScreen.storyboard;
			sourceTree = "<group>";
		};
/* End PBXVariantGroup section */

/* Begin XCBuildConfiguration section */
		03916B3222EE117F0029438F /* Debug */ = {
			isa = XCBuildConfiguration;
			buildSettings = {
				ALWAYS_SEARCH_USER_PATHS = NO;
				CLANG_ANALYZER_NONNULL = YES;
				CLANG_ANALYZER_NUMBER_OBJECT_CONVERSION = YES_AGGRESSIVE;
				CLANG_CXX_LANGUAGE_STANDARD = "gnu++14";
				CLANG_CXX_LIBRARY = "libc++";
				CLANG_ENABLE_MODULES = YES;
				CLANG_ENABLE_OBJC_ARC = YES;
				CLANG_ENABLE_OBJC_WEAK = YES;
				CLANG_WARN_BLOCK_CAPTURE_AUTORELEASING = YES;
				CLANG_WARN_BOOL_CONVERSION = YES;
				CLANG_WARN_COMMA = YES;
				CLANG_WARN_CONSTANT_CONVERSION = YES;
				CLANG_WARN_DEPRECATED_OBJC_IMPLEMENTATIONS = YES;
				CLANG_WARN_DIRECT_OBJC_ISA_USAGE = YES_ERROR;
				CLANG_WARN_DOCUMENTATION_COMMENTS = YES;
				CLANG_WARN_EMPTY_BODY = YES;
				CLANG_WARN_ENUM_CONVERSION = YES;
				CLANG_WARN_INFINITE_RECURSION = YES;
				CLANG_WARN_INT_CONVERSION = YES;
				CLANG_WARN_NON_LITERAL_NULL_CONVERSION = YES;
				CLANG_WARN_OBJC_IMPLICIT_RETAIN_SELF = YES;
				CLANG_WARN_OBJC_LITERAL_CONVERSION = YES;
				CLANG_WARN_OBJC_ROOT_CLASS = YES_ERROR;
				CLANG_WARN_RANGE_LOOP_ANALYSIS = YES;
				CLANG_WARN_STRICT_PROTOTYPES = YES;
				CLANG_WARN_SUSPICIOUS_MOVE = YES;
				CLANG_WARN_UNGUARDED_AVAILABILITY = YES_AGGRESSIVE;
				CLANG_WARN_UNREACHABLE_CODE = YES;
				CLANG_WARN__DUPLICATE_METHOD_MATCH = YES;
				COPY_PHASE_STRIP = NO;
				DEBUG_INFORMATION_FORMAT = dwarf;
				ENABLE_STRICT_OBJC_MSGSEND = YES;
				ENABLE_TESTABILITY = YES;
				GCC_C_LANGUAGE_STANDARD = gnu11;
				GCC_DYNAMIC_NO_PIC = NO;
				GCC_NO_COMMON_BLOCKS = YES;
				GCC_OPTIMIZATION_LEVEL = 0;
				GCC_PREPROCESSOR_DEFINITIONS = (
					"DEBUG=1",
					"$(inherited)",
				);
				GCC_WARN_64_TO_32_BIT_CONVERSION = YES;
				GCC_WARN_ABOUT_RETURN_TYPE = YES_ERROR;
				GCC_WARN_UNDECLARED_SELECTOR = YES;
				GCC_WARN_UNINITIALIZED_AUTOS = YES_AGGRESSIVE;
				GCC_WARN_UNUSED_FUNCTION = YES;
				GCC_WARN_UNUSED_VARIABLE = YES;
				IPHONEOS_DEPLOYMENT_TARGET = 13.0;
				MTL_ENABLE_DEBUG_INFO = INCLUDE_SOURCE;
				MTL_FAST_MATH = YES;
				ONLY_ACTIVE_ARCH = YES;
				SDKROOT = iphoneos;
				SWIFT_ACTIVE_COMPILATION_CONDITIONS = DEBUG;
				SWIFT_OPTIMIZATION_LEVEL = "-Onone";
			};
			name = Debug;
		};
		03916B3322EE117F0029438F /* Release */ = {
			isa = XCBuildConfiguration;
			buildSettings = {
				ALWAYS_SEARCH_USER_PATHS = NO;
				CLANG_ANALYZER_NONNULL = YES;
				CLANG_ANALYZER_NUMBER_OBJECT_CONVERSION = YES_AGGRESSIVE;
				CLANG_CXX_LANGUAGE_STANDARD = "gnu++14";
				CLANG_CXX_LIBRARY = "libc++";
				CLANG_ENABLE_MODULES = YES;
				CLANG_ENABLE_OBJC_ARC = YES;
				CLANG_ENABLE_OBJC_WEAK = YES;
				CLANG_WARN_BLOCK_CAPTURE_AUTORELEASING = YES;
				CLANG_WARN_BOOL_CONVERSION = YES;
				CLANG_WARN_COMMA = YES;
				CLANG_WARN_CONSTANT_CONVERSION = YES;
				CLANG_WARN_DEPRECATED_OBJC_IMPLEMENTATIONS = YES;
				CLANG_WARN_DIRECT_OBJC_ISA_USAGE = YES_ERROR;
				CLANG_WARN_DOCUMENTATION_COMMENTS = YES;
				CLANG_WARN_EMPTY_BODY = YES;
				CLANG_WARN_ENUM_CONVERSION = YES;
				CLANG_WARN_INFINITE_RECURSION = YES;
				CLANG_WARN_INT_CONVERSION = YES;
				CLANG_WARN_NON_LITERAL_NULL_CONVERSION = YES;
				CLANG_WARN_OBJC_IMPLICIT_RETAIN_SELF = YES;
				CLANG_WARN_OBJC_LITERAL_CONVERSION = YES;
				CLANG_WARN_OBJC_ROOT_CLASS = YES_ERROR;
				CLANG_WARN_RANGE_LOOP_ANALYSIS = YES;
				CLANG_WARN_STRICT_PROTOTYPES = YES;
				CLANG_WARN_SUSPICIOUS_MOVE = YES;
				CLANG_WARN_UNGUARDED_AVAILABILITY = YES_AGGRESSIVE;
				CLANG_WARN_UNREACHABLE_CODE = YES;
				CLANG_WARN__DUPLICATE_METHOD_MATCH = YES;
				COPY_PHASE_STRIP = NO;
				DEBUG_INFORMATION_FORMAT = "dwarf-with-dsym";
				ENABLE_NS_ASSERTIONS = NO;
				ENABLE_STRICT_OBJC_MSGSEND = YES;
				GCC_C_LANGUAGE_STANDARD = gnu11;
				GCC_NO_COMMON_BLOCKS = YES;
				GCC_WARN_64_TO_32_BIT_CONVERSION = YES;
				GCC_WARN_ABOUT_RETURN_TYPE = YES_ERROR;
				GCC_WARN_UNDECLARED_SELECTOR = YES;
				GCC_WARN_UNINITIALIZED_AUTOS = YES_AGGRESSIVE;
				GCC_WARN_UNUSED_FUNCTION = YES;
				GCC_WARN_UNUSED_VARIABLE = YES;
				IPHONEOS_DEPLOYMENT_TARGET = 13.0;
				MTL_ENABLE_DEBUG_INFO = NO;
				MTL_FAST_MATH = YES;
				SDKROOT = iphoneos;
				SWIFT_COMPILATION_MODE = wholemodule;
				SWIFT_OPTIMIZATION_LEVEL = "-O";
				VALIDATE_PRODUCT = YES;
			};
			name = Release;
		};
		03916B3522EE117F0029438F /* Debug */ = {
			isa = XCBuildConfiguration;
			buildSettings = {
				ASSETCATALOG_COMPILER_APPICON_NAME = AppIcon;
				CODE_SIGN_STYLE = Automatic;
				DEVELOPMENT_TEAM = Z92VD6GGG5;
				INFOPLIST_FILE = "Cross hierarchy Consttraints/Info.plist";
				LD_RUNPATH_SEARCH_PATHS = (
					"$(inherited)",
					"@executable_path/Frameworks",
				);
				PRODUCT_BUNDLE_IDENTIFIER = "com.developersden.Cross-hierarchy-Consttraints";
				PRODUCT_NAME = "$(TARGET_NAME)";
				SWIFT_VERSION = 5.0;
				TARGETED_DEVICE_FAMILY = "1,2";
			};
			name = Debug;
		};
		03916B3622EE117F0029438F /* Release */ = {
			isa = XCBuildConfiguration;
			buildSettings = {
				ASSETCATALOG_COMPILER_APPICON_NAME = AppIcon;
				CODE_SIGN_STYLE = Automatic;
				DEVELOPMENT_TEAM = Z92VD6GGG5;
				INFOPLIST_FILE = "Cross hierarchy Consttraints/Info.plist";
				LD_RUNPATH_SEARCH_PATHS = (
					"$(inherited)",
					"@executable_path/Frameworks",
				);
				PRODUCT_BUNDLE_IDENTIFIER = "com.developersden.Cross-hierarchy-Consttraints";
				PRODUCT_NAME = "$(TARGET_NAME)";
				SWIFT_VERSION = 5.0;
				TARGETED_DEVICE_FAMILY = "1,2";
			};
			name = Release;
		};
/* End XCBuildConfiguration section */

/* Begin XCConfigurationList section */
		03916B1B22EE117D0029438F /* Build configuration list for PBXProject "Cross hierarchy Consttraints" */ = {
			isa = XCConfigurationList;
			buildConfigurations = (
				03916B3222EE117F0029438F /* Debug */,
				03916B3322EE117F0029438F /* Release */,
			);
			defaultConfigurationIsVisible = 0;
			defaultConfigurationName = Release;
		};
		03916B3422EE117F0029438F /* Build configuration list for PBXNativeTarget "Cross hierarchy Consttraints" */ = {
			isa = XCConfigurationList;
			buildConfigurations = (
				03916B3522EE117F0029438F /* Debug */,
				03916B3622EE117F0029438F /* Release */,
			);
			defaultConfigurationIsVisible = 0;
			defaultConfigurationName = Release;
		};
/* End XCConfigurationList section */
	};
	rootObject = 03916B1822EE117D0029438F /* Project object */;
}
